
Microsoft Visual Studio Solution File, Format Version 12.00
# Visual Studio 15
VisualStudioVersion = 15.0.28307.489
MinimumVisualStudioVersion = 10.0.40219.1
Project("{FAE04EC0-301F-11D3-BF4B-00C04F79EFBC}") = "SimpleMediaConverter", "SimpleMediaConverter\SimpleMediaConverter.csproj", "{1D7A10CF-00D3-426B-B9D1-4C9F00CF2545}"
EndProject
Global
	GlobalSection(SolutionConfigurationPlatforms) = preSolution
		Debug|Any CPU = Debug|Any CPU
		Release|Any CPU = Release|Any CPU
	EndGlobalSection
	GlobalSection(ProjectConfigurationPlatforms) = postSolution
		{1D7A10CF-00D3-426B-B9D1-4C9F00CF2545}.Debug|Any CPU.ActiveCfg = Debug|Any CPU
		{1D7A10CF-00D3-426B-B9D1-4C9F00CF2545}.Debug|Any CPU.Build.0 = Debug|Any CPU
		{1D7A10CF-00D3-426B-B9D1-4C9F00CF2545}.Release|Any CPU.ActiveCfg = Release|Any CPU
		{1D7A10CF-00D3-426B-B9D1-4C9F00CF2545}.Release|Any CPU.Build.0 = Release|Any CPU
	EndGlobalSection
	GlobalSection(SolutionProperties) = preSolution
		HideSolutionNode = FALSE
	EndGlobalSection
	GlobalSection(ExtensibilityGlobals) = postSolution
		SolutionGuid = {4B9B88BD-2B66-4658-9268-9F7DDB446EF2}
	EndGlobalSection
EndGlobal
